{
  "name": "omniscript-examples",
  "version": "1.0.0",
  "lockfileVersion": 3,
  "requires": true,
  "packages": {
    "": {
      "name": "omniscript-examples",
      "version": "1.0.0",
      "license": "MIT",
      "devDependencies": {
        "omniscript-parser": "^1.2.0"
      }
    },
    "node_modules/omniscript-parser": {
      "version": "1.2.0",
      "resolved": "https://registry.npmjs.org/omniscript-parser/-/omniscript-parser-1.2.0.tgz",
      "integrity": "sha512-nLrafd0TSXhkBnPWAy09JlNkvsaBx+j8by+0VBhKOxDPSOXqf9Kv3ZlavYNATnTu6xMOsooBDaX3X5LrTsCK4w==",
      "dev": true,
      "license": "MIT",
      "engines": {
        "node": ">=18.0.0"
      }
    }
  }
}
